
Microsoft Visual Studio Solution File, Format Version 12.00
# Visual Studio Version 16
VisualStudioVersion = 16.0.29519.181
MinimumVisualStudioVersion = 10.0.40219.1
Project("{FAE04EC0-301F-11D3-BF4B-00C04F79EFBC}") = "IspcaNotas.Android", "IspcaNotas\IspcaNotas.Android\IspcaNotas.Android.csproj", "{8752A1B3-746B-4E4B-861B-F8F3A4CC7C7C}"
EndProject
Project("{FAE04EC0-301F-11D3-BF4B-00C04F79EFBC}") = "IspcaNotas", "IspcaNotas\IspcaNotas\IspcaNotas.csproj", "{A3D21802-855C-4569-889E-CA9876C90077}"
EndProject
Global
	GlobalSection(SolutionConfigurationPlatforms) = preSolution
		Debug|Any CPU = Debug|Any CPU
		Release|Any CPU = Release|Any CPU
	EndGlobalSection
	GlobalSection(ProjectConfigurationPlatforms) = postSolution
		{8752A1B3-746B-4E4B-861B-F8F3A4CC7C7C}.Debug|Any CPU.ActiveCfg = Debug|Any CPU
		{8752A1B3-746B-4E4B-861B-F8F3A4CC7C7C}.Debug|Any CPU.Build.0 = Debug|Any CPU
		{8752A1B3-746B-4E4B-861B-F8F3A4CC7C7C}.Debug|Any CPU.Deploy.0 = Debug|Any CPU
		{8752A1B3-746B-4E4B-861B-F8F3A4CC7C7C}.Release|Any CPU.ActiveCfg = Release|Any CPU
		{8752A1B3-746B-4E4B-861B-F8F3A4CC7C7C}.Release|Any CPU.Build.0 = Release|Any CPU
		{8752A1B3-746B-4E4B-861B-F8F3A4CC7C7C}.Release|Any CPU.Deploy.0 = Release|Any CPU
		{A3D21802-855C-4569-889E-CA9876C90077}.Debug|Any CPU.ActiveCfg = Debug|Any CPU
		{A3D21802-855C-4569-889E-CA9876C90077}.Debug|Any CPU.Build.0 = Debug|Any CPU
		{A3D21802-855C-4569-889E-CA9876C90077}.Debug|Any CPU.Deploy.0 = Debug|Any CPU
		{A3D21802-855C-4569-889E-CA9876C90077}.Release|Any CPU.ActiveCfg = Release|Any CPU
		{A3D21802-855C-4569-889E-CA9876C90077}.Release|Any CPU.Build.0 = Release|Any CPU
		{A3D21802-855C-4569-889E-CA9876C90077}.Release|Any CPU.Deploy.0 = Release|Any CPU
	EndGlobalSection
	GlobalSection(SolutionProperties) = preSolution
		HideSolutionNode = FALSE
	EndGlobalSection
	GlobalSection(ExtensibilityGlobals) = postSolution
		SolutionGuid = {1B3BBCFA-622F-439B-80CE-CB1E30D45AEC}
	EndGlobalSection
EndGlobal
